{
  "name": "steamworks.js-typescript-test",
  "version": "0.0.1",
  "lockfileVersion": 2,
  "requires": true,
  "packages": {
    "": {
      "name": "steamworks.js-typescript-test",
      "version": "0.0.1",
      "dependencies": {
        "steamworks.js": "../.."
      },
      "devDependencies": {
        "typescript": "=4.7.4"
      }
    },
    "../..": {
      "version": "0.0.19",
      "license": "MIT",
      "devDependencies": {
        "@napi-rs/cli": "2.10.0",
        "@types/node": "*",
        "rimraf": "3.0.2"
      },
      "engines": {
        "node": ">= 14"
      }
    },
    "node_modules/steamworks.js": {
      "resolved": "../..",
      "link": true
    },
    "node_modules/typescript": {
      "version": "4.7.4",
      "resolved": "https://registry.npmjs.org/typescript/-/typescript-4.7.4.tgz",
      "integrity": "sha512-C0WQT0gezHuw6AdY1M2jxUO83Rjf0HP7Sk1DtXj6j1EwkQNZrHAg2XPWlq62oqEhYvONq5pkC2Y9oPljWToLmQ==",
      "dev": true,
      "bin": {
        "tsc": "bin/tsc",
        "tsserver": "bin/tsserver"
      },
      "engines": {
        "node": ">=4.2.0"
      }
    }
  },
  "dependencies": {
    "steamworks.js": {
      "version": "file:../..",
      "requires": {
        "@napi-rs/cli": "2.10.0",
        "@types/node": "*",
        "rimraf": "3.0.2"
      }
    },
    "typescript": {
      "version": "4.7.4",
      "resolved": "https://registry.npmjs.org/typescript/-/typescript-4.7.4.tgz",
      "integrity": "sha512-C0WQT0gezHuw6AdY1M2jxUO83Rjf0HP7Sk1DtXj6j1EwkQNZrHAg2XPWlq62oqEhYvONq5pkC2Y9oPljWToLmQ==",
      "dev": true
    }
  }
}
